// !$*UTF8*$!
{
	archiveVersion = 1;
	classes = {
	};
	objectVersion = 56;
	objects = {

/* Begin PBXBuildFile section */
		4A50FA5B2A7AC0DA00EF7498 /* CryptoAppApp.swift in Sources */ = {isa = PBXBuildFile; fileRef = 4A50FA5A2A7AC0DA00EF7498 /* CryptoAppApp.swift */; };
		4A50FA622A7AC0DB00EF7498 /* Preview Assets.xcassets in Resources */ = {isa = PBXBuildFile; fileRef = 4A50FA612A7AC0DB00EF7498 /* Preview Assets.xcassets */; };
		4A50FA692A7AC1C400EF7498 /* Assets.xcassets in Resources */ = {isa = PBXBuildFile; fileRef = 4A50FA682A7AC1C400EF7498 /* Assets.xcassets */; };
		4A50FA6C2A7AC3B400EF7498 /* Color.swift in Sources */ = {isa = PBXBuildFile; fileRef = 4A50FA6B2A7AC3B400EF7498 /* Color.swift */; };
		4A68E6EE2A7C076E006AA0DB /* HomeViewModel.swift in Sources */ = {isa = PBXBuildFile; fileRef = 4A68E6ED2A7C076E006AA0DB /* HomeViewModel.swift */; };
		4A94E3A92A7AC8DC00D48042 /* HomeView.swift in Sources */ = {isa = PBXBuildFile; fileRef = 4A94E3A82A7AC8DC00D48042 /* HomeView.swift */; };
		4A94E3AD2A7ACA8800D48042 /* CircleButtonView.swift in Sources */ = {isa = PBXBuildFile; fileRef = 4A94E3AC2A7ACA8800D48042 /* CircleButtonView.swift */; };
		4A94E3AF2A7B0E4400D48042 /* CircleButtonAnimationView.swift in Sources */ = {isa = PBXBuildFile; fileRef = 4A94E3AE2A7B0E4400D48042 /* CircleButtonAnimationView.swift */; };
		4A94E3B22A7BCE2A00D48042 /* CoinModel.swift in Sources */ = {isa = PBXBuildFile; fileRef = 4A94E3B12A7BCE2A00D48042 /* CoinModel.swift */; };
		4A94E3B42A7BDA2200D48042 /* CoinRowView.swift in Sources */ = {isa = PBXBuildFile; fileRef = 4A94E3B32A7BDA2200D48042 /* CoinRowView.swift */; };
		4A94E3B62A7BDA7900D48042 /* PreviewProvider.swift in Sources */ = {isa = PBXBuildFile; fileRef = 4A94E3B52A7BDA7900D48042 /* PreviewProvider.swift */; };
		4A94E3B82A7BEACD00D48042 /* Double.swift in Sources */ = {isa = PBXBuildFile; fileRef = 4A94E3B72A7BEACD00D48042 /* Double.swift */; };
		4AF72BCD2A80310400207C1C /* CoinDataService.swift in Sources */ = {isa = PBXBuildFile; fileRef = 4AF72BCC2A80310400207C1C /* CoinDataService.swift */; };
/* End PBXBuildFile section */

/* Begin PBXFileReference section */
		4A50FA572A7AC0DA00EF7498 /* CryptoApp.app */ = {isa = PBXFileReference; explicitFileType = wrapper.application; includeInIndex = 0; path = CryptoApp.app; sourceTree = BUILT_PRODUCTS_DIR; };
		4A50FA5A2A7AC0DA00EF7498 /* CryptoAppApp.swift */ = {isa = PBXFileReference; lastKnownFileType = sourcecode.swift; path = CryptoAppApp.swift; sourceTree = "<group>"; };
		4A50FA612A7AC0DB00EF7498 /* Preview Assets.xcassets */ = {isa = PBXFileReference; lastKnownFileType = folder.assetcatalog; path = "Preview Assets.xcassets"; sourceTree = "<group>"; };
		4A50FA682A7AC1C400EF7498 /* Assets.xcassets */ = {isa = PBXFileReference; lastKnownFileType = folder.assetcatalog; name = Assets.xcassets; path = "Preview Content/Assets.xcassets"; sourceTree = "<group>"; };
		4A50FA6B2A7AC3B400EF7498 /* Color.swift */ = {isa = PBXFileReference; lastKnownFileType = sourcecode.swift; path = Color.swift; sourceTree = "<group>"; };
		4A68E6ED2A7C076E006AA0DB /* HomeViewModel.swift */ = {isa = PBXFileReference; lastKnownFileType = sourcecode.swift; path = HomeViewModel.swift; sourceTree = "<group>"; };
		4A94E3A82A7AC8DC00D48042 /* HomeView.swift */ = {isa = PBXFileReference; lastKnownFileType = sourcecode.swift; path = HomeView.swift; sourceTree = "<group>"; };
		4A94E3AC2A7ACA8800D48042 /* CircleButtonView.swift */ = {isa = PBXFileReference; lastKnownFileType = sourcecode.swift; path = CircleButtonView.swift; sourceTree = "<group>"; };
		4A94E3AE2A7B0E4400D48042 /* CircleButtonAnimationView.swift */ = {isa = PBXFileReference; lastKnownFileType = sourcecode.swift; path = CircleButtonAnimationView.swift; sourceTree = "<group>"; };
		4A94E3B12A7BCE2A00D48042 /* CoinModel.swift */ = {isa = PBXFileReference; lastKnownFileType = sourcecode.swift; path = CoinModel.swift; sourceTree = "<group>"; };
		4A94E3B32A7BDA2200D48042 /* CoinRowView.swift */ = {isa = PBXFileReference; lastKnownFileType = sourcecode.swift; path = CoinRowView.swift; sourceTree = "<group>"; };
		4A94E3B52A7BDA7900D48042 /* PreviewProvider.swift */ = {isa = PBXFileReference; lastKnownFileType = sourcecode.swift; path = PreviewProvider.swift; sourceTree = "<group>"; };
		4A94E3B72A7BEACD00D48042 /* Double.swift */ = {isa = PBXFileReference; lastKnownFileType = sourcecode.swift; path = Double.swift; sourceTree = "<group>"; };
		4AF72BCC2A80310400207C1C /* CoinDataService.swift */ = {isa = PBXFileReference; lastKnownFileType = sourcecode.swift; path = CoinDataService.swift; sourceTree = "<group>"; };
/* End PBXFileReference section */

/* Begin PBXFrameworksBuildPhase section */
		4A50FA542A7AC0DA00EF7498 /* Frameworks */ = {
			isa = PBXFrameworksBuildPhase;
			buildActionMask = 2147483647;
			files = (
			);
			runOnlyForDeploymentPostprocessing = 0;
		};
/* End PBXFrameworksBuildPhase section */

/* Begin PBXGroup section */
		4A50FA4E2A7AC0DA00EF7498 = {
			isa = PBXGroup;
			children = (
				4A50FA592A7AC0DA00EF7498 /* CryptoApp */,
				4A50FA582A7AC0DA00EF7498 /* Products */,
			);
			sourceTree = "<group>";
		};
		4A50FA582A7AC0DA00EF7498 /* Products */ = {
			isa = PBXGroup;
			children = (
				4A50FA572A7AC0DA00EF7498 /* CryptoApp.app */,
			);
			name = Products;
			sourceTree = "<group>";
		};
		4A50FA592A7AC0DA00EF7498 /* CryptoApp */ = {
			isa = PBXGroup;
			children = (
				4A50FA6A2A7AC39700EF7498 /* Extensions */,
				4AF72BCB2A8030E700207C1C /* Services */,
				4A94E3B02A7BCE1900D48042 /* Model */,
				4A94E3A22A7AC87B00D48042 /* Core */,
				4A50FA5A2A7AC0DA00EF7498 /* CryptoAppApp.swift */,
				4A50FA682A7AC1C400EF7498 /* Assets.xcassets */,
				4A50FA612A7AC0DB00EF7498 /* Preview Assets.xcassets */,
			);
			path = CryptoApp;
			sourceTree = "<group>";
		};
		4A50FA6A2A7AC39700EF7498 /* Extensions */ = {
			isa = PBXGroup;
			children = (
				4A50FA6B2A7AC3B400EF7498 /* Color.swift */,
				4A94E3B52A7BDA7900D48042 /* PreviewProvider.swift */,
				4A94E3B72A7BEACD00D48042 /* Double.swift */,
			);
			path = Extensions;
			sourceTree = "<group>";
		};
		4A94E3A22A7AC87B00D48042 /* Core */ = {
			isa = PBXGroup;
			children = (
				4A94E3AA2A7ACA5F00D48042 /* Components */,
				4A94E3A32A7AC88500D48042 /* Home */,
			);
			path = Core;
			sourceTree = "<group>";
		};
		4A94E3A32A7AC88500D48042 /* Home */ = {
			isa = PBXGroup;
			children = (
				4A94E3A52A7AC8A000D48042 /* ViewModels */,
				4A94E3A42A7AC89A00D48042 /* Views */,
			);
			path = Home;
			sourceTree = "<group>";
		};
		4A94E3A42A7AC89A00D48042 /* Views */ = {
			isa = PBXGroup;
			children = (
				4A94E3A82A7AC8DC00D48042 /* HomeView.swift */,
				4A94E3B32A7BDA2200D48042 /* CoinRowView.swift */,
			);
			path = Views;
			sourceTree = "<group>";
		};
		4A94E3A52A7AC8A000D48042 /* ViewModels */ = {
			isa = PBXGroup;
			children = (
				4A68E6ED2A7C076E006AA0DB /* HomeViewModel.swift */,
			);
			path = ViewModels;
			sourceTree = "<group>";
		};
		4A94E3AA2A7ACA5F00D48042 /* Components */ = {
			isa = PBXGroup;
			children = (
				4A94E3AB2A7ACA7800D48042 /* CircleButton */,
			);
			path = Components;
			sourceTree = "<group>";
		};
		4A94E3AB2A7ACA7800D48042 /* CircleButton */ = {
			isa = PBXGroup;
			children = (
				4A94E3AC2A7ACA8800D48042 /* CircleButtonView.swift */,
				4A94E3AE2A7B0E4400D48042 /* CircleButtonAnimationView.swift */,
			);
			path = CircleButton;
			sourceTree = "<group>";
		};
		4A94E3B02A7BCE1900D48042 /* Model */ = {
			isa = PBXGroup;
			children = (
				4A94E3B12A7BCE2A00D48042 /* CoinModel.swift */,
			);
			path = Model;
			sourceTree = "<group>";
		};
		4AF72BCB2A8030E700207C1C /* Services */ = {
			isa = PBXGroup;
			children = (
				4AF72BCC2A80310400207C1C /* CoinDataService.swift */,
			);
			path = Services;
			sourceTree = "<group>";
		};
/* End PBXGroup section */

/* Begin PBXNativeTarget section */
		4A50FA562A7AC0DA00EF7498 /* CryptoApp */ = {
			isa = PBXNativeTarget;
			buildConfigurationList = 4A50FA652A7AC0DB00EF7498 /* Build configuration list for PBXNativeTarget "CryptoApp" */;
			buildPhases = (
				4A50FA532A7AC0DA00EF7498 /* Sources */,
				4A50FA542A7AC0DA00EF7498 /* Frameworks */,
				4A50FA552A7AC0DA00EF7498 /* Resources */,
			);
			buildRules = (
			);
			dependencies = (
			);
			name = CryptoApp;
			productName = CryptoApp;
			productReference = 4A50FA572A7AC0DA00EF7498 /* CryptoApp.app */;
			productType = "com.apple.product-type.application";
		};
/* End PBXNativeTarget section */

/* Begin PBXProject section */
		4A50FA4F2A7AC0DA00EF7498 /* Project object */ = {
			isa = PBXProject;
			attributes = {
				BuildIndependentTargetsInParallel = 1;
				LastSwiftUpdateCheck = 1430;
				LastUpgradeCheck = 1430;
				TargetAttributes = {
					4A50FA562A7AC0DA00EF7498 = {
						CreatedOnToolsVersion = 14.3.1;
					};
				};
			};
			buildConfigurationList = 4A50FA522A7AC0DA00EF7498 /* Build configuration list for PBXProject "CryptoApp" */;
			compatibilityVersion = "Xcode 14.0";
			developmentRegion = en;
			hasScannedForEncodings = 0;
			knownRegions = (
				en,
				Base,
			);
			mainGroup = 4A50FA4E2A7AC0DA00EF7498;
			productRefGroup = 4A50FA582A7AC0DA00EF7498 /* Products */;
			projectDirPath = "";
			projectRoot = "";
			targets = (
				4A50FA562A7AC0DA00EF7498 /* CryptoApp */,
			);
		};
/* End PBXProject section */

/* Begin PBXResourcesBuildPhase section */
		4A50FA552A7AC0DA00EF7498 /* Resources */ = {
			isa = PBXResourcesBuildPhase;
			buildActionMask = 2147483647;
			files = (
				4A50FA622A7AC0DB00EF7498 /* Preview Assets.xcassets in Resources */,
				4A50FA692A7AC1C400EF7498 /* Assets.xcassets in Resources */,
			);
			runOnlyForDeploymentPostprocessing = 0;
		};
/* End PBXResourcesBuildPhase section */

/* Begin PBXSourcesBuildPhase section */
		4A50FA532A7AC0DA00EF7498 /* Sources */ = {
			isa = PBXSourcesBuildPhase;
			buildActionMask = 2147483647;
			files = (
				4A94E3A92A7AC8DC00D48042 /* HomeView.swift in Sources */,
				4A50FA5B2A7AC0DA00EF7498 /* CryptoAppApp.swift in Sources */,
				4A94E3AF2A7B0E4400D48042 /* CircleButtonAnimationView.swift in Sources */,
				4A68E6EE2A7C076E006AA0DB /* HomeViewModel.swift in Sources */,
				4A94E3AD2A7ACA8800D48042 /* CircleButtonView.swift in Sources */,
				4A94E3B22A7BCE2A00D48042 /* CoinModel.swift in Sources */,
				4A94E3B62A7BDA7900D48042 /* PreviewProvider.swift in Sources */,
				4A94E3B42A7BDA2200D48042 /* CoinRowView.swift in Sources */,
				4A94E3B82A7BEACD00D48042 /* Double.swift in Sources */,
				4A50FA6C2A7AC3B400EF7498 /* Color.swift in Sources */,
				4AF72BCD2A80310400207C1C /* CoinDataService.swift in Sources */,
			);
			runOnlyForDeploymentPostprocessing = 0;
		};
/* End PBXSourcesBuildPhase section */

/* Begin XCBuildConfiguration section */
		4A50FA632A7AC0DB00EF7498 /* Debug */ = {
			isa = XCBuildConfiguration;
			buildSettings = {
				ALWAYS_SEARCH_USER_PATHS = NO;
				CLANG_ANALYZER_NONNULL = YES;
				CLANG_ANALYZER_NUMBER_OBJECT_CONVERSION = YES_AGGRESSIVE;
				CLANG_CXX_LANGUAGE_STANDARD = "gnu++20";
				CLANG_ENABLE_MODULES = YES;
				CLANG_ENABLE_OBJC_ARC = YES;
				CLANG_ENABLE_OBJC_WEAK = YES;
				CLANG_WARN_BLOCK_CAPTURE_AUTORELEASING = YES;
				CLANG_WARN_BOOL_CONVERSION = YES;
				CLANG_WARN_COMMA = YES;
				CLANG_WARN_CONSTANT_CONVERSION = YES;
				CLANG_WARN_DEPRECATED_OBJC_IMPLEMENTATIONS = YES;
				CLANG_WARN_DIRECT_OBJC_ISA_USAGE = YES_ERROR;
				CLANG_WARN_DOCUMENTATION_COMMENTS = YES;
				CLANG_WARN_EMPTY_BODY = YES;
				CLANG_WARN_ENUM_CONVERSION = YES;
				CLANG_WARN_INFINITE_RECURSION = YES;
				CLANG_WARN_INT_CONVERSION = YES;
				CLANG_WARN_NON_LITERAL_NULL_CONVERSION = YES;
				CLANG_WARN_OBJC_IMPLICIT_RETAIN_SELF = YES;
				CLANG_WARN_OBJC_LITERAL_CONVERSION = YES;
				CLANG_WARN_OBJC_ROOT_CLASS = YES_ERROR;
				CLANG_WARN_QUOTED_INCLUDE_IN_FRAMEWORK_HEADER = YES;
				CLANG_WARN_RANGE_LOOP_ANALYSIS = YES;
				CLANG_WARN_STRICT_PROTOTYPES = YES;
				CLANG_WARN_SUSPICIOUS_MOVE = YES;
				CLANG_WARN_UNGUARDED_AVAILABILITY = YES_AGGRESSIVE;
				CLANG_WARN_UNREACHABLE_CODE = YES;
				CLANG_WARN__DUPLICATE_METHOD_MATCH = YES;
				COPY_PHASE_STRIP = NO;
				DEBUG_INFORMATION_FORMAT = dwarf;
				ENABLE_STRICT_OBJC_MSGSEND = YES;
				ENABLE_TESTABILITY = YES;
				GCC_C_LANGUAGE_STANDARD = gnu11;
				GCC_DYNAMIC_NO_PIC = NO;
				GCC_NO_COMMON_BLOCKS = YES;
				GCC_OPTIMIZATION_LEVEL = 0;
				GCC_PREPROCESSOR_DEFINITIONS = (
					"DEBUG=1",
					"$(inherited)",
				);
				GCC_WARN_64_TO_32_BIT_CONVERSION = YES;
				GCC_WARN_ABOUT_RETURN_TYPE = YES_ERROR;
				GCC_WARN_UNDECLARED_SELECTOR = YES;
				GCC_WARN_UNINITIALIZED_AUTOS = YES_AGGRESSIVE;
				GCC_WARN_UNUSED_FUNCTION = YES;
				GCC_WARN_UNUSED_VARIABLE = YES;
				IPHONEOS_DEPLOYMENT_TARGET = 16.4;
				MTL_ENABLE_DEBUG_INFO = INCLUDE_SOURCE;
				MTL_FAST_MATH = YES;
				ONLY_ACTIVE_ARCH = YES;
				SDKROOT = iphoneos;
				SWIFT_ACTIVE_COMPILATION_CONDITIONS = DEBUG;
				SWIFT_OPTIMIZATION_LEVEL = "-Onone";
			};
			name = Debug;
		};
		4A50FA642A7AC0DB00EF7498 /* Release */ = {
			isa = XCBuildConfiguration;
			buildSettings = {
				ALWAYS_SEARCH_USER_PATHS = NO;
				CLANG_ANALYZER_NONNULL = YES;
				CLANG_ANALYZER_NUMBER_OBJECT_CONVERSION = YES_AGGRESSIVE;
				CLANG_CXX_LANGUAGE_STANDARD = "gnu++20";
				CLANG_ENABLE_MODULES = YES;
				CLANG_ENABLE_OBJC_ARC = YES;
				CLANG_ENABLE_OBJC_WEAK = YES;
				CLANG_WARN_BLOCK_CAPTURE_AUTORELEASING = YES;
				CLANG_WARN_BOOL_CONVERSION = YES;
				CLANG_WARN_COMMA = YES;
				CLANG_WARN_CONSTANT_CONVERSION = YES;
				CLANG_WARN_DEPRECATED_OBJC_IMPLEMENTATIONS = YES;
				CLANG_WARN_DIRECT_OBJC_ISA_USAGE = YES_ERROR;
				CLANG_WARN_DOCUMENTATION_COMMENTS = YES;
				CLANG_WARN_EMPTY_BODY = YES;
				CLANG_WARN_ENUM_CONVERSION = YES;
				CLANG_WARN_INFINITE_RECURSION = YES;
				CLANG_WARN_INT_CONVERSION = YES;
				CLANG_WARN_NON_LITERAL_NULL_CONVERSION = YES;
				CLANG_WARN_OBJC_IMPLICIT_RETAIN_SELF = YES;
				CLANG_WARN_OBJC_LITERAL_CONVERSION = YES;
				CLANG_WARN_OBJC_ROOT_CLASS = YES_ERROR;
				CLANG_WARN_QUOTED_INCLUDE_IN_FRAMEWORK_HEADER = YES;
				CLANG_WARN_RANGE_LOOP_ANALYSIS = YES;
				CLANG_WARN_STRICT_PROTOTYPES = YES;
				CLANG_WARN_SUSPICIOUS_MOVE = YES;
				CLANG_WARN_UNGUARDED_AVAILABILITY = YES_AGGRESSIVE;
				CLANG_WARN_UNREACHABLE_CODE = YES;
				CLANG_WARN__DUPLICATE_METHOD_MATCH = YES;
				COPY_PHASE_STRIP = NO;
				DEBUG_INFORMATION_FORMAT = "dwarf-with-dsym";
				ENABLE_NS_ASSERTIONS = NO;
				ENABLE_STRICT_OBJC_MSGSEND = YES;
				GCC_C_LANGUAGE_STANDARD = gnu11;
				GCC_NO_COMMON_BLOCKS = YES;
				GCC_WARN_64_TO_32_BIT_CONVERSION = YES;
				GCC_WARN_ABOUT_RETURN_TYPE = YES_ERROR;
				GCC_WARN_UNDECLARED_SELECTOR = YES;
				GCC_WARN_UNINITIALIZED_AUTOS = YES_AGGRESSIVE;
				GCC_WARN_UNUSED_FUNCTION = YES;
				GCC_WARN_UNUSED_VARIABLE = YES;
				IPHONEOS_DEPLOYMENT_TARGET = 16.4;
				MTL_ENABLE_DEBUG_INFO = NO;
				MTL_FAST_MATH = YES;
				SDKROOT = iphoneos;
				SWIFT_COMPILATION_MODE = wholemodule;
				SWIFT_OPTIMIZATION_LEVEL = "-O";
				VALIDATE_PRODUCT = YES;
			};
			name = Release;
		};
		4A50FA662A7AC0DB00EF7498 /* Debug */ = {
			isa = XCBuildConfiguration;
			buildSettings = {
				ASSETCATALOG_COMPILER_APPICON_NAME = AppIcon;
				ASSETCATALOG_COMPILER_GLOBAL_ACCENT_COLOR_NAME = AccentColor;
				CODE_SIGN_STYLE = Automatic;
				CURRENT_PROJECT_VERSION = 1;
				DEVELOPMENT_ASSET_PATHS = "\"CryptoApp/Preview Content\"";
				DEVELOPMENT_TEAM = GZS742E348;
				ENABLE_PREVIEWS = YES;
				GENERATE_INFOPLIST_FILE = YES;
				INFOPLIST_KEY_CFBundleDisplayName = CryptoTracker;
				INFOPLIST_KEY_UIApplicationSceneManifest_Generation = YES;
				INFOPLIST_KEY_UIApplicationSupportsIndirectInputEvents = YES;
				INFOPLIST_KEY_UILaunchScreen_Generation = YES;
				INFOPLIST_KEY_UIStatusBarStyle = UIStatusBarStyleDarkContent;
				INFOPLIST_KEY_UISupportedInterfaceOrientations = UIInterfaceOrientationPortrait;
				IPHONEOS_DEPLOYMENT_TARGET = 14.0;
				LD_RUNPATH_SEARCH_PATHS = (
					"$(inherited)",
					"@executable_path/Frameworks",
				);
				MARKETING_VERSION = 1.0;
				PRODUCT_BUNDLE_IDENTIFIER = com.harungokcegoz.CryptoApp;
				PRODUCT_NAME = "$(TARGET_NAME)";
				SUPPORTED_PLATFORMS = "iphoneos iphonesimulator";
				SUPPORTS_MACCATALYST = NO;
				SUPPORTS_MAC_DESIGNED_FOR_IPHONE_IPAD = NO;
				SWIFT_EMIT_LOC_STRINGS = YES;
				SWIFT_VERSION = 5.0;
				TARGETED_DEVICE_FAMILY = "1,2";
			};
			name = Debug;
		};
		4A50FA672A7AC0DB00EF7498 /* Release */ = {
			isa = XCBuildConfiguration;
			buildSettings = {
				ASSETCATALOG_COMPILER_APPICON_NAME = AppIcon;
				ASSETCATALOG_COMPILER_GLOBAL_ACCENT_COLOR_NAME = AccentColor;
				CODE_SIGN_STYLE = Automatic;
				CURRENT_PROJECT_VERSION = 1;
				DEVELOPMENT_ASSET_PATHS = "\"CryptoApp/Preview Content\"";
				DEVELOPMENT_TEAM = GZS742E348;
				ENABLE_PREVIEWS = YES;
				GENERATE_INFOPLIST_FILE = YES;
				INFOPLIST_KEY_CFBundleDisplayName = CryptoTracker;
				INFOPLIST_KEY_UIApplicationSceneManifest_Generation = YES;
				INFOPLIST_KEY_UIApplicationSupportsIndirectInputEvents = YES;
				INFOPLIST_KEY_UILaunchScreen_Generation = YES;
				INFOPLIST_KEY_UIStatusBarStyle = UIStatusBarStyleDarkContent;
				INFOPLIST_KEY_UISupportedInterfaceOrientations = UIInterfaceOrientationPortrait;
				IPHONEOS_DEPLOYMENT_TARGET = 14.0;
				LD_RUNPATH_SEARCH_PATHS = (
					"$(inherited)",
					"@executable_path/Frameworks",
				);
				MARKETING_VERSION = 1.0;
				PRODUCT_BUNDLE_IDENTIFIER = com.harungokcegoz.CryptoApp;
				PRODUCT_NAME = "$(TARGET_NAME)";
				SUPPORTED_PLATFORMS = "iphoneos iphonesimulator";
				SUPPORTS_MACCATALYST = NO;
				SUPPORTS_MAC_DESIGNED_FOR_IPHONE_IPAD = NO;
				SWIFT_EMIT_LOC_STRINGS = YES;
				SWIFT_VERSION = 5.0;
				TARGETED_DEVICE_FAMILY = "1,2";
			};
			name = Release;
		};
/* End XCBuildConfiguration section */

/* Begin XCConfigurationList section */
		4A50FA522A7AC0DA00EF7498 /* Build configuration list for PBXProject "CryptoApp" */ = {
			isa = XCConfigurationList;
			buildConfigurations = (
				4A50FA632A7AC0DB00EF7498 /* Debug */,
				4A50FA642A7AC0DB00EF7498 /* Release */,
			);
			defaultConfigurationIsVisible = 0;
			defaultConfigurationName = Release;
		};
		4A50FA652A7AC0DB00EF7498 /* Build configuration list for PBXNativeTarget "CryptoApp" */ = {
			isa = XCConfigurationList;
			buildConfigurations = (
				4A50FA662A7AC0DB00EF7498 /* Debug */,
				4A50FA672A7AC0DB00EF7498 /* Release */,
			);
			defaultConfigurationIsVisible = 0;
			defaultConfigurationName = Release;
		};
/* End XCConfigurationList section */
	};
	rootObject = 4A50FA4F2A7AC0DA00EF7498 /* Project object */;
}
